
Microsoft Visual Studio Solution File, Format Version 12.00
# Visual Studio Version 16
VisualStudioVersion = 16.0.31729.503
MinimumVisualStudioVersion = 10.0.40219.1
Project("{888888A0-9F3D-457C-B088-3A5042F75D52}") = "auth_menu_project", "auth_menu_project.pyproj", "{566DA201-F2DA-4040-8742-E85742C3DD12}"
EndProject
Global
	GlobalSection(SolutionConfigurationPlatforms) = preSolution
		Debug|Any CPU = Debug|Any CPU
		Release|Any CPU = Release|Any CPU
	EndGlobalSection
	GlobalSection(ProjectConfigurationPlatforms) = postSolution
		{566DA201-F2DA-4040-8742-E85742C3DD12}.Debug|Any CPU.ActiveCfg = Debug|Any CPU
		{566DA201-F2DA-4040-8742-E85742C3DD12}.Release|Any CPU.ActiveCfg = Release|Any CPU
	EndGlobalSection
	GlobalSection(SolutionProperties) = preSolution
		HideSolutionNode = FALSE
	EndGlobalSection
	GlobalSection(ExtensibilityGlobals) = postSolution
		SolutionGuid = {3878D3C3-6101-4DDF-B59A-3776F7AD9547}
	EndGlobalSection
EndGlobal
